{
  "name": "WTFmovies",
  "lockfileVersion": 3,
  "requires": true,
  "packages": {
    "": {
      "dependencies": {
        "create-cloudflare": "^2.11.0"
      }
    },
    "node_modules/create-cloudflare": {
      "version": "2.11.0",
      "resolved": "https://registry.npmjs.org/create-cloudflare/-/create-cloudflare-2.11.0.tgz",
      "integrity": "sha512-EOb25CvwwSAFcz+NW5/hijkm9WFQeQJLxy8o3NNXEAwNMURX0BRdzjQqFJloOJzICgi9y9bxdfdn2T/dKIruxw==",
      "bin": {
        "create-cloudflare": "dist/cli.js"
      },
      "engines": {
        "node": ">=18.14.1"
      }
    }
  }
}
